
Microsoft Visual Studio Solution File, Format Version 12.00
# Visual Studio Version 17
VisualStudioVersion = 17.8.34316.72
MinimumVisualStudioVersion = 10.0.40219.1
Project("{FAE04EC0-301F-11D3-BF4B-00C04F79EFBC}") = "JsonReaderForUniteEvent", "JsonReaderForUniteEvent\JsonReaderForUniteEvent.csproj", "{C8304E0B-FB8A-4631-B48B-5393409B9497}"
EndProject
Global
	GlobalSection(SolutionConfigurationPlatforms) = preSolution
		Debug|Any CPU = Debug|Any CPU
		Release|Any CPU = Release|Any CPU
	EndGlobalSection
	GlobalSection(ProjectConfigurationPlatforms) = postSolution
		{C8304E0B-FB8A-4631-B48B-5393409B9497}.Debug|Any CPU.ActiveCfg = Debug|Any CPU
		{C8304E0B-FB8A-4631-B48B-5393409B9497}.Debug|Any CPU.Build.0 = Debug|Any CPU
		{C8304E0B-FB8A-4631-B48B-5393409B9497}.Release|Any CPU.ActiveCfg = Release|Any CPU
		{C8304E0B-FB8A-4631-B48B-5393409B9497}.Release|Any CPU.Build.0 = Release|Any CPU
	EndGlobalSection
	GlobalSection(SolutionProperties) = preSolution
		HideSolutionNode = FALSE
	EndGlobalSection
	GlobalSection(ExtensibilityGlobals) = postSolution
		SolutionGuid = {E507924D-4CF1-4C15-A382-FC09C5314446}
	EndGlobalSection
EndGlobal
